{
  "nodes": {
    "disko": {
      "inputs": {
        "nixpkgs": "nixpkgs"
      },
      "locked": {
        "lastModified": 1779226674,
        "narHash": "sha256-wuOkjI6pRiN4sEn/EPBRnNW5cmcpvd7xtIM8y5LooAs=",
        "owner": "nix-community",
        "repo": "disko",
        "rev": "65fb947964bd44fc0008faf77d1fcb7a9f40bb32",
        "type": "github"
      },
      "original": {
        "owner": "nix-community",
        "repo": "disko",
        "rev": "65fb947964bd44fc0008faf77d1fcb7a9f40bb32",
        "type": "github"
      }
    },
    "hisilome": {
      "inputs": {
        "nixpkgs": "nixpkgs_2"
      },
      "locked": {
        "lastModified": 1790070203,
        "narHash": "sha256-yqu9ScKju2LBrzV/PTR/CCX7XB15za4s5i+J2U5e2C0=",
        "owner": "0x0lor1n",
        "repo": "hisilome",
        "rev": "53b2f322edeb373c592049312f937b2f40d57e35",
        "type": "github"
      },
      "original": {
        "owner": "0x0lor1n",
        "repo": "hisilome",
        "rev": "53b2f322edeb373c592049312f937b2f40d57e35",
        "type": "github"
      }
    },
    "nixpkgs": {
      "locked": {
        "lastModified": 1778036283,
        "narHash": "sha256-62EWg6lI0qyzm7oAx5cAnGkLutvJsRBe0KkEW2JDZCE=",
        "owner": "NixOS",
        "repo": "nixpkgs",
        "rev": "ed67bc86e84e51d4a88e73c7fd36006dc876476f",
        "type": "github"
      },
      "original": {
        "owner": "NixOS",
        "ref": "nixpkgs-unstable",
        "repo": "nixpkgs",
        "type": "github"
      }
    },
    "nixpkgs_2": {
      "locked": {
        "lastModified": 1788179007,
        "narHash": "sha256-hn1oU2rue2SYK8dAr8+WNZWtbsz1S2W5mnHlSEuh3bo=",
        "owner": "NixOS",
        "repo": "nixpkgs",
        "rev": "34ab99075ac4f7e40cf037eef32cb1c360bb85e9",
        "type": "github"
      },
      "original": {
        "owner": "NixOS",
        "ref": "nixos-unstable",
        "repo": "nixpkgs",
        "type": "github"
      }
    },
    "root": {
      "inputs": {
        "disko": "disko",
        "hisilome": "hisilome",
        "utils": "utils"
      }
    },
    "utils": {
      "locked": {
        "dir": "lib",
        "lastModified": 1776337019,
        "narHash": "sha256-cKuZn3TcKcgGux+b/aZSuzlSrm/HLkXiTcVz9ThcNUA=",
        "owner": "rensa-nix",
        "repo": "utils",
        "rev": "1304a2da9160d60eaef5c77d9a10f2db5e767ac7",
        "type": "gitlab"
      },
      "original": {
        "dir": "lib",
        "owner": "rensa-nix",
        "ref": "v0.1.2",
        "repo": "utils",
        "type": "gitlab"
      }
    }
  },
  "root": "root",
  "version": 7
}
